
Microsoft Visual Studio Solution File, Format Version 12.00
# Visual Studio 15
VisualStudioVersion = 15.0.28307.902
MinimumVisualStudioVersion = 10.0.40219.1
Project("{8BC9CEB8-8B4A-11D0-8D11-00A0C91BC942}") = "Const_Qualifer_ Compound", "Const_Qualifer_ Compound\Const_Qualifer_ Compound.vcxproj", "{87E81DF8-F367-4079-ADDD-0DBEB111ED87}"
EndProject
Global
	GlobalSection(SolutionConfigurationPlatforms) = preSolution
		Debug|x64 = Debug|x64
		Debug|x86 = Debug|x86
		Release|x64 = Release|x64
		Release|x86 = Release|x86
	EndGlobalSection
	GlobalSection(ProjectConfigurationPlatforms) = postSolution
		{87E81DF8-F367-4079-ADDD-0DBEB111ED87}.Debug|x64.ActiveCfg = Debug|x64
		{87E81DF8-F367-4079-ADDD-0DBEB111ED87}.Debug|x64.Build.0 = Debug|x64
		{87E81DF8-F367-4079-ADDD-0DBEB111ED87}.Debug|x86.ActiveCfg = Debug|Win32
		{87E81DF8-F367-4079-ADDD-0DBEB111ED87}.Debug|x86.Build.0 = Debug|Win32
		{87E81DF8-F367-4079-ADDD-0DBEB111ED87}.Release|x64.ActiveCfg = Release|x64
		{87E81DF8-F367-4079-ADDD-0DBEB111ED87}.Release|x64.Build.0 = Release|x64
		{87E81DF8-F367-4079-ADDD-0DBEB111ED87}.Release|x86.ActiveCfg = Release|Win32
		{87E81DF8-F367-4079-ADDD-0DBEB111ED87}.Release|x86.Build.0 = Release|Win32
	EndGlobalSection
	GlobalSection(SolutionProperties) = preSolution
		HideSolutionNode = FALSE
	EndGlobalSection
	GlobalSection(ExtensibilityGlobals) = postSolution
		SolutionGuid = {51F11BA2-7094-4F5E-89F5-D3B60442CE6F}
	EndGlobalSection
EndGlobal
